
Microsoft Visual Studio Solution File, Format Version 12.00
Project("{FAE04EC0-301F-11D3-BF4B-00C04F79EFBC}") = "MqttProvider", "MqttProvider\MqttProvider.csproj", "{DE65AA22-61C1-4648-8D27-299ADA84A551}"
EndProject
Project("{FAE04EC0-301F-11D3-BF4B-00C04F79EFBC}") = "RabbitMq.Cosumer", "RabbitMq.Cosumer\RabbitMq.Cosumer.csproj", "{14EB8567-3799-461C-A041-597DAC1A63FD}"
EndProject
Global
	GlobalSection(SolutionConfigurationPlatforms) = preSolution
		Debug|Any CPU = Debug|Any CPU
		Release|Any CPU = Release|Any CPU
	EndGlobalSection
	GlobalSection(ProjectConfigurationPlatforms) = postSolution
		{DE65AA22-61C1-4648-8D27-299ADA84A551}.Debug|Any CPU.ActiveCfg = Debug|Any CPU
		{DE65AA22-61C1-4648-8D27-299ADA84A551}.Debug|Any CPU.Build.0 = Debug|Any CPU
		{DE65AA22-61C1-4648-8D27-299ADA84A551}.Release|Any CPU.ActiveCfg = Release|Any CPU
		{DE65AA22-61C1-4648-8D27-299ADA84A551}.Release|Any CPU.Build.0 = Release|Any CPU
		{14EB8567-3799-461C-A041-597DAC1A63FD}.Debug|Any CPU.ActiveCfg = Debug|Any CPU
		{14EB8567-3799-461C-A041-597DAC1A63FD}.Debug|Any CPU.Build.0 = Debug|Any CPU
		{14EB8567-3799-461C-A041-597DAC1A63FD}.Release|Any CPU.ActiveCfg = Release|Any CPU
		{14EB8567-3799-461C-A041-597DAC1A63FD}.Release|Any CPU.Build.0 = Release|Any CPU
	EndGlobalSection
EndGlobal
